
Microsoft Visual Studio Solution File, Format Version 12.00
# Visual Studio Version 16
VisualStudioVersion = 16.0.30621.155
MinimumVisualStudioVersion = 10.0.40219.1
Project("{FAE04EC0-301F-11D3-BF4B-00C04F79EFBC}") = "MAS_Global", "MAS_Global\MAS_Global.csproj", "{0B4660AD-B2D0-4348-9096-819E89328C7C}"
EndProject
Global
	GlobalSection(SolutionConfigurationPlatforms) = preSolution
		Debug|Any CPU = Debug|Any CPU
		Release|Any CPU = Release|Any CPU
	EndGlobalSection
	GlobalSection(ProjectConfigurationPlatforms) = postSolution
		{0B4660AD-B2D0-4348-9096-819E89328C7C}.Debug|Any CPU.ActiveCfg = Debug|Any CPU
		{0B4660AD-B2D0-4348-9096-819E89328C7C}.Debug|Any CPU.Build.0 = Debug|Any CPU
		{0B4660AD-B2D0-4348-9096-819E89328C7C}.Release|Any CPU.ActiveCfg = Release|Any CPU
		{0B4660AD-B2D0-4348-9096-819E89328C7C}.Release|Any CPU.Build.0 = Release|Any CPU
	EndGlobalSection
	GlobalSection(SolutionProperties) = preSolution
		HideSolutionNode = FALSE
	EndGlobalSection
	GlobalSection(ExtensibilityGlobals) = postSolution
		SolutionGuid = {0A1F4946-FD27-4076-A0B3-D85F97C2E22C}
	EndGlobalSection
EndGlobal
